
Microsoft Visual Studio Solution File, Format Version 12.00
# Visual Studio Version 17
VisualStudioVersion = 17.8.34330.188
MinimumVisualStudioVersion = 10.0.40219.1
Project("{8BC9CEB8-8B4A-11D0-8D11-00A0C91BC942}") = "simulation-and-data-visualization", "simulation-and-data-visualization.vcxproj", "{183B426E-8FED-4B73-9208-6B6B6A49CAAC}"
EndProject
Global
	GlobalSection(SolutionConfigurationPlatforms) = preSolution
		Debug|x64 = Debug|x64
		Release|x64 = Release|x64
	EndGlobalSection
	GlobalSection(ProjectConfigurationPlatforms) = postSolution
		{183B426E-8FED-4B73-9208-6B6B6A49CAAC}.Debug|x64.ActiveCfg = Debug|x64
		{183B426E-8FED-4B73-9208-6B6B6A49CAAC}.Debug|x64.Build.0 = Debug|x64
		{183B426E-8FED-4B73-9208-6B6B6A49CAAC}.Release|x64.ActiveCfg = Release|x64
		{183B426E-8FED-4B73-9208-6B6B6A49CAAC}.Release|x64.Build.0 = Release|x64
	EndGlobalSection
	GlobalSection(SolutionProperties) = preSolution
		HideSolutionNode = FALSE
	EndGlobalSection
	GlobalSection(ExtensibilityGlobals) = postSolution
		SolutionGuid = {B49498B5-404A-4F96-98C2-9E836CE0D274}
	EndGlobalSection
EndGlobal
